{
  "name": "nicks_gill_tut",
  "version": "1.0.0",
  "lockfileVersion": 3,
  "requires": true,
  "packages": {
    "": {
      "name": "nicks_gill_tut",
      "version": "1.0.0",
      "license": "ISC",
      "dependencies": {
        "gill": "^0.10.2"
      },
      "devDependencies": {
        "@types/node": "^24.0.10",
        "typescript": "^5.8.3"
      }
    },
    "node_modules/@solana-program/address-lookup-table": {
      "version": "0.7.0",
      "resolved": "https://registry.npmjs.org/@solana-program/address-lookup-table/-/address-lookup-table-0.7.0.tgz",
      "integrity": "sha512-dzCeIO5LtiK3bIg0AwO+TPeGURjSG2BKt0c4FRx7105AgLy7uzTktpUzUj6NXAK9SzbirI8HyvHUvw1uvL8O9A==",
      "license": "Apache-2.0",
      "peerDependencies": {
        "@solana/kit": "^2.1.0"
      }
    },
    "node_modules/@solana-program/compute-budget": {
      "version": "0.8.0",
      "resolved": "https://registry.npmjs.org/@solana-program/compute-budget/-/compute-budget-0.8.0.tgz",
      "integrity": "sha512-qPKxdxaEsFxebZ4K5RPuy7VQIm/tfJLa1+Nlt3KNA8EYQkz9Xm8htdoEaXVrer9kpgzzp9R3I3Bh6omwCM06tQ==",
      "license": "Apache-2.0",
      "peerDependencies": {
        "@solana/kit": "^2.1.0"
      }
    },
    "node_modules/@solana-program/system": {
      "version": "0.7.0",
      "resolved": "https://registry.npmjs.org/@solana-program/system/-/system-0.7.0.tgz",
      "integrity": "sha512-FKTBsKHpvHHNc1ATRm7SlC5nF/VdJtOSjldhcyfMN9R7xo712Mo2jHIzvBgn8zQO5Kg0DcWuKB7268Kv1ocicw==",
      "license": "Apache-2.0",
      "peerDependencies": {
        "@solana/kit": "^2.1.0"
      }
    },
    "node_modules/@solana-program/token-2022": {
      "version": "0.4.2",
      "resolved": "https://registry.npmjs.org/@solana-program/token-2022/-/token-2022-0.4.2.tgz",
      "integrity": "sha512-zIpR5t4s9qEU3hZKupzIBxJ6nUV5/UVyIT400tu9vT1HMs5JHxaTTsb5GUhYjiiTvNwU0MQavbwc4Dl29L0Xvw==",
      "license": "Apache-2.0",
      "peerDependencies": {
        "@solana/kit": "^2.1.0",
        "@solana/sysvars": "^2.1.0"
      }
    },
    "node_modules/@solana/accounts": {
      "version": "2.1.1",
      "resolved": "https://registry.npmjs.org/@solana/accounts/-/accounts-2.1.1.tgz",
      "integrity": "sha512-Q9mG0o/6oyiUSw1CXCkG50TWlYiODJr3ZilEDLIyXpYJzOstRZM4XOzbRACveX4PXFoufPzpR1sSVK6qfcUUCw==",
      "license": "MIT",
      "dependencies": {
        "@solana/addresses": "2.1.1",
        "@solana/codecs-core": "2.1.1",
        "@solana/codecs-strings": "2.1.1",
        "@solana/errors": "2.1.1",
        "@solana/rpc-spec": "2.1.1",
        "@solana/rpc-types": "2.1.1"
      },
      "engines": {
        "node": ">=20.18.0"
      },
      "peerDependencies": {
        "typescript": ">=5.3.3"
      }
    },
    "node_modules/@solana/addresses": {
      "version": "2.1.1",
      "resolved": "https://registry.npmjs.org/@solana/addresses/-/addresses-2.1.1.tgz",
      "integrity": "sha512-yX6+brBXFmirxXDJCBDNKDYbGZHMZHaZS4NJWZs31DTe5To3Ky3Y9g3wFEGAX242kfNyJcgg5OeoBuZ7vdFycQ==",
      "license": "MIT",
      "dependencies": {
        "@solana/assertions": "2.1.1",
        "@solana/codecs-core": "2.1.1",
        "@solana/codecs-strings": "2.1.1",
        "@solana/errors": "2.1.1",
        "@solana/nominal-types": "2.1.1"
      },
      "engines": {
        "node": ">=20.18.0"
      },
      "peerDependencies": {
        "typescript": ">=5.3.3"
      }
    },
    "node_modules/@solana/assertions": {
      "version": "2.1.1",
      "resolved": "https://registry.npmjs.org/@solana/assertions/-/assertions-2.1.1.tgz",
      "integrity": "sha512-ln6dXkliyb9ybqLGFf5Gn+LJaPZGmer9KloIFfHiiSfYFdoAqOu6+pVY+323SKWXHG+hHl9VkwuZYpSp02OroA==",
      "license": "MIT",
      "dependencies": {
        "@solana/errors": "2.1.1"
      },
      "engines": {
        "node": ">=20.18.0"
      },
      "peerDependencies": {
        "typescript": ">=5.3.3"
      }
    },
    "node_modules/@solana/codecs": {
      "version": "2.1.1",
      "resolved": "https://registry.npmjs.org/@solana/codecs/-/codecs-2.1.1.tgz",
      "integrity": "sha512-89Fv22fZ5dNiXjOKh6I3U1D/lVO/dF/cPHexdiqjS5k5R5uKeK3506rhcnc4ciawQAoOkDwHzW+HitUumF2PJg==",
      "license": "MIT",
      "dependencies": {
        "@solana/codecs-core": "2.1.1",
        "@solana/codecs-data-structures": "2.1.1",
        "@solana/codecs-numbers": "2.1.1",
        "@solana/codecs-strings": "2.1.1",
        "@solana/options": "2.1.1"
      },
      "engines": {
        "node": ">=20.18.0"
      },
      "peerDependencies": {
        "typescript": ">=5.3.3"
      }
    },
    "node_modules/@solana/codecs-core": {
      "version": "2.1.1",
      "resolved": "https://registry.npmjs.org/@solana/codecs-core/-/codecs-core-2.1.1.tgz",
      "integrity": "sha512-iPQW3UZ2Vi7QFBo2r9tw0NubtH8EdrhhmZulx6lC8V5a+qjaxovtM/q/UW2BTNpqqHLfO0tIcLyBLrNH4HTWPg==",
      "license": "MIT",
      "dependencies": {
        "@solana/errors": "2.1.1"
      },
      "engines": {
        "node": ">=20.18.0"
      },
      "peerDependencies": {
        "typescript": ">=5.3.3"
      }
    },
    "node_modules/@solana/codecs-data-structures": {
      "version": "2.1.1",
      "resolved": "https://registry.npmjs.org/@solana/codecs-data-structures/-/codecs-data-structures-2.1.1.tgz",
      "integrity": "sha512-OcR7FIhWDFqg6gEslbs2GVKeDstGcSDpkZo9SeV4bm2RLd1EZfxGhWW+yHZfHqOZiIkw9w+aY45bFgKrsLQmFw==",
      "license": "MIT",
      "dependencies": {
        "@solana/codecs-core": "2.1.1",
        "@solana/codecs-numbers": "2.1.1",
        "@solana/errors": "2.1.1"
      },
      "engines": {
        "node": ">=20.18.0"
      },
      "peerDependencies": {
        "typescript": ">=5.3.3"
      }
    },
    "node_modules/@solana/codecs-numbers": {
      "version": "2.1.1",
      "resolved": "https://registry.npmjs.org/@solana/codecs-numbers/-/codecs-numbers-2.1.1.tgz",
      "integrity": "sha512-m20IUPJhPUmPkHSlZ2iMAjJ7PaYUvlMtFhCQYzm9BEBSI6OCvXTG3GAPpAnSGRBfg5y+QNqqmKn4QHU3B6zzCQ==",
      "license": "MIT",
      "dependencies": {
        "@solana/codecs-core": "2.1.1",
        "@solana/errors": "2.1.1"
      },
      "engines": {
        "node": ">=20.18.0"
      },
      "peerDependencies": {
        "typescript": ">=5.3.3"
      }
    },
    "node_modules/@solana/codecs-strings": {
      "version": "2.1.1",
      "resolved": "https://registry.npmjs.org/@solana/codecs-strings/-/codecs-strings-2.1.1.tgz",
      "integrity": "sha512-uhj+A7eT6IJn4nuoX8jDdvZa7pjyZyN+k64EZ8+aUtJGt5Ft4NjRM8Jl5LljwYBWKQCgouVuigZHtTO2yAWExA==",
      "license": "MIT",
      "dependencies": {
        "@solana/codecs-core": "2.1.1",
        "@solana/codecs-numbers": "2.1.1",
        "@solana/errors": "2.1.1"
      },
      "engines": {
        "node": ">=20.18.0"
      },
      "peerDependencies": {
        "fastestsmallesttextencoderdecoder": "^1.0.22",
        "typescript": ">=5.3.3"
      }
    },
    "node_modules/@solana/errors": {
      "version": "2.1.1",
      "resolved": "https://registry.npmjs.org/@solana/errors/-/errors-2.1.1.tgz",
      "integrity": "sha512-sj6DaWNbSJFvLzT8UZoabMefQUfSW/8tXK7NTiagsDmh+Q87eyQDDC9L3z+mNmx9b6dEf6z660MOIplDD2nfEw==",
      "license": "MIT",
      "dependencies": {
        "chalk": "^5.4.1",
        "commander": "^13.1.0"
      },
      "bin": {
        "errors": "bin/cli.mjs"
      },
      "engines": {
        "node": ">=20.18.0"
      },
      "peerDependencies": {
        "typescript": ">=5.3.3"
      }
    },
    "node_modules/@solana/fast-stable-stringify": {
      "version": "2.1.1",
      "resolved": "https://registry.npmjs.org/@solana/fast-stable-stringify/-/fast-stable-stringify-2.1.1.tgz",
      "integrity": "sha512-+gyW8plyMOURMuO9iL6eQBb5wCRwMGLO5T6jBIDGws8KR4tOtIBlQnQnzk81nNepE6lbf8tLCxS8KdYgT/P+wQ==",
      "license": "MIT",
      "engines": {
        "node": ">=20.18.0"
      },
      "peerDependencies": {
        "typescript": ">=5.3.3"
      }
    },
    "node_modules/@solana/functional": {
      "version": "2.1.1",
      "resolved": "https://registry.npmjs.org/@solana/functional/-/functional-2.1.1.tgz",
      "integrity": "sha512-HePJ49Cyz4Mb26zm5holPikm8bzsBH5zLR41+gIw9jJBmIteILNnk2OO1dVkb6aJnP42mdhWSXCo3VVEGT6aEw==",
      "license": "MIT",
      "engines": {
        "node": ">=20.18.0"
      },
      "peerDependencies": {
        "typescript": ">=5.3.3"
      }
    },
    "node_modules/@solana/instructions": {
      "version": "2.1.1",
      "resolved": "https://registry.npmjs.org/@solana/instructions/-/instructions-2.1.1.tgz",
      "integrity": "sha512-Zx48hav9Lu+JuC+U0QJ8B7g7bXQZElXCjvxosIibU2C7ygDuq0ffOly0/irWJv2xmHYm6z8Hm1ILbZ5w0GhDQQ==",
      "license": "MIT",
      "dependencies": {
        "@solana/codecs-core": "2.1.1",
        "@solana/errors": "2.1.1"
      },
      "engines": {
        "node": ">=20.18.0"
      },
      "peerDependencies": {
        "typescript": ">=5.3.3"
      }
    },
    "node_modules/@solana/keys": {
      "version": "2.1.1",
      "resolved": "https://registry.npmjs.org/@solana/keys/-/keys-2.1.1.tgz",
      "integrity": "sha512-SXuhUz1c2mVnPnB+9Z9Yw6HPluIZbMlSByr+vPFLgaPYM356bRcNnu1pa28tONiQzRBFvl9qL08SL0OaYsmqPg==",
      "license": "MIT",
      "dependencies": {
        "@solana/assertions": "2.1.1",
        "@solana/codecs-core": "2.1.1",
        "@solana/codecs-strings": "2.1.1",
        "@solana/errors": "2.1.1",
        "@solana/nominal-types": "2.1.1"
      },
      "engines": {
        "node": ">=20.18.0"
      },
      "peerDependencies": {
        "typescript": ">=5.3.3"
      }
    },
    "node_modules/@solana/kit": {
      "version": "2.1.1",
      "resolved": "https://registry.npmjs.org/@solana/kit/-/kit-2.1.1.tgz",
      "integrity": "sha512-vV0otDSO9HFWIkAv7lxfeR7W6ruS/kqFYzTeRI+EuaZCgKdueavZnx9ydbpMCXis3BZ4Ao+k/ebzVWXMVvz+Lw==",
      "license": "MIT",
      "dependencies": {
        "@solana/accounts": "2.1.1",
        "@solana/addresses": "2.1.1",
        "@solana/codecs": "2.1.1",
        "@solana/errors": "2.1.1",
        "@solana/functional": "2.1.1",
        "@solana/instructions": "2.1.1",
        "@solana/keys": "2.1.1",
        "@solana/programs": "2.1.1",
        "@solana/rpc": "2.1.1",
        "@solana/rpc-parsed-types": "2.1.1",
        "@solana/rpc-spec-types": "2.1.1",
        "@solana/rpc-subscriptions": "2.1.1",
        "@solana/rpc-types": "2.1.1",
        "@solana/signers": "2.1.1",
        "@solana/sysvars": "2.1.1",
        "@solana/transaction-confirmation": "2.1.1",
        "@solana/transaction-messages": "2.1.1",
        "@solana/transactions": "2.1.1"
      },
      "engines": {
        "node": ">=20.18.0"
      },
      "peerDependencies": {
        "typescript": ">=5.3.3"
      }
    },
    "node_modules/@solana/nominal-types": {
      "version": "2.1.1",
      "resolved": "https://registry.npmjs.org/@solana/nominal-types/-/nominal-types-2.1.1.tgz",
      "integrity": "sha512-EpdDhuoATsm9bmuduv6yoNm1EKCz2tlq13nAazaVyQvkMBHhVelyT/zq0ruUplQZbl7qyYr5hG7p1SfGgQbgSQ==",
      "license": "MIT",
      "engines": {
        "node": ">=20.18.0"
      },
      "peerDependencies": {
        "typescript": ">=5.3.3"
      }
    },
    "node_modules/@solana/options": {
      "version": "2.1.1",
      "resolved": "https://registry.npmjs.org/@solana/options/-/options-2.1.1.tgz",
      "integrity": "sha512-rnEExUGVOAV79kiFUEl/51gmSbBYxlcuw2VPnbAV/q53mIHoTgCwDD576N9A8wFftxaJHQFBdNuKiRrnU/fFHA==",
      "license": "MIT",
      "dependencies": {
        "@solana/codecs-core": "2.1.1",
        "@solana/codecs-data-structures": "2.1.1",
        "@solana/codecs-numbers": "2.1.1",
        "@solana/codecs-strings": "2.1.1",
        "@solana/errors": "2.1.1"
      },
      "engines": {
        "node": ">=20.18.0"
      },
      "peerDependencies": {
        "typescript": ">=5.3.3"
      }
    },
    "node_modules/@solana/programs": {
      "version": "2.1.1",
      "resolved": "https://registry.npmjs.org/@solana/programs/-/programs-2.1.1.tgz",
      "integrity": "sha512-fVOA4SEijrIrpG7GoBWhid43w3pT7RTfmMYciVKMb17s2GcnLLcTDOahPf0mlIctLtbF8PgImtzUkXQyuFGr8Q==",
      "license": "MIT",
      "dependencies": {
        "@solana/addresses": "2.1.1",
        "@solana/errors": "2.1.1"
      },
      "engines": {
        "node": ">=20.18.0"
      },
      "peerDependencies": {
        "typescript": ">=5.3.3"
      }
    },
    "node_modules/@solana/promises": {
      "version": "2.1.1",
      "resolved": "https://registry.npmjs.org/@solana/promises/-/promises-2.1.1.tgz",
      "integrity": "sha512-8M+QBgJAQD0nhHzaezwwHH4WWfJEBPiiPAjMNBbbbTHA8+oYFIGgY1HwDUePK8nrT1Q1dX3gC+epBCqBi/nnGg==",
      "license": "MIT",
      "engines": {
        "node": ">=20.18.0"
      },
      "peerDependencies": {
        "typescript": ">=5.3.3"
      }
    },
    "node_modules/@solana/rpc": {
      "version": "2.1.1",
      "resolved": "https://registry.npmjs.org/@solana/rpc/-/rpc-2.1.1.tgz",
      "integrity": "sha512-X15xAx8U0ATznkoNGPUkGIuxTIOmdew1pjQRHAtPSKQTiPbAnO1sowpt4UT7V7bB6zKPu+xKvhFizUuon0PZxg==",
      "license": "MIT",
      "dependencies": {
        "@solana/errors": "2.1.1",
        "@solana/fast-stable-stringify": "2.1.1",
        "@solana/functional": "2.1.1",
        "@solana/rpc-api": "2.1.1",
        "@solana/rpc-spec": "2.1.1",
        "@solana/rpc-spec-types": "2.1.1",
        "@solana/rpc-transformers": "2.1.1",
        "@solana/rpc-transport-http": "2.1.1",
        "@solana/rpc-types": "2.1.1"
      },
      "engines": {
        "node": ">=20.18.0"
      },
      "peerDependencies": {
        "typescript": ">=5.3.3"
      }
    },
    "node_modules/@solana/rpc-api": {
      "version": "2.1.1",
      "resolved": "https://registry.npmjs.org/@solana/rpc-api/-/rpc-api-2.1.1.tgz",
      "integrity": "sha512-MTBuoRA9HtxW+CRpj1Ls5XVhDe00g8mW2Ib4/0k6ThFS0+cmjf+O78d8hgjQMqTtuzzSLZ4355+C7XEAuzSQ4g==",
      "license": "MIT",
      "dependencies": {
        "@solana/addresses": "2.1.1",
        "@solana/codecs-core": "2.1.1",
        "@solana/codecs-strings": "2.1.1",
        "@solana/errors": "2.1.1",
        "@solana/keys": "2.1.1",
        "@solana/rpc-parsed-types": "2.1.1",
        "@solana/rpc-spec": "2.1.1",
        "@solana/rpc-transformers": "2.1.1",
        "@solana/rpc-types": "2.1.1",
        "@solana/transaction-messages": "2.1.1",
        "@solana/transactions": "2.1.1"
      },
      "engines": {
        "node": ">=20.18.0"
      },
      "peerDependencies": {
        "typescript": ">=5.3.3"
      }
    },
    "node_modules/@solana/rpc-parsed-types": {
      "version": "2.1.1",
      "resolved": "https://registry.npmjs.org/@solana/rpc-parsed-types/-/rpc-parsed-types-2.1.1.tgz",
      "integrity": "sha512-+n1IWYYglevvNE1neMiLOH6W67EzmWj8GaRlwGxcyu6MwSc/8x1bd2hnEkgK6md+ObPOxoOBdxQXIY/xnZgLcw==",
      "license": "MIT",
      "engines": {
        "node": ">=20.18.0"
      },
      "peerDependencies": {
        "typescript": ">=5.3.3"
      }
    },
    "node_modules/@solana/rpc-spec": {
      "version": "2.1.1",
      "resolved": "https://registry.npmjs.org/@solana/rpc-spec/-/rpc-spec-2.1.1.tgz",
      "integrity": "sha512-3Hd21XpaKtW3tG0oXAUlc1k0hX7/eqHpf8Gg744sr9G3ib5gT7EopcZRsH5LdESgS0nbv/c75TznCXjaUyRi+g==",
      "license": "MIT",
      "dependencies": {
        "@solana/errors": "2.1.1",
        "@solana/rpc-spec-types": "2.1.1"
      },
      "engines": {
        "node": ">=20.18.0"
      },
      "peerDependencies": {
        "typescript": ">=5.3.3"
      }
    },
    "node_modules/@solana/rpc-spec-types": {
      "version": "2.1.1",
      "resolved": "https://registry.npmjs.org/@solana/rpc-spec-types/-/rpc-spec-types-2.1.1.tgz",
      "integrity": "sha512-3/G/MTi/c70TVZcB0DJjh5AGV7xqOYrjrpnIg+rLZuH65qHMimWiTHj0k8lxTzRMrN06Ed0+Q7SCw9hO/grTHA==",
      "license": "MIT",
      "engines": {
        "node": ">=20.18.0"
      },
      "peerDependencies": {
        "typescript": ">=5.3.3"
      }
    },
    "node_modules/@solana/rpc-subscriptions": {
      "version": "2.1.1",
      "resolved": "https://registry.npmjs.org/@solana/rpc-subscriptions/-/rpc-subscriptions-2.1.1.tgz",
      "integrity": "sha512-xGLIuJHxg0oCNiS40NW/5BPxHM5RurLcEmBAN1VmVtINWTm8wSbEo85a5q7cbMlPP4Vu/28lD7IITjS5qb84UQ==",
      "license": "MIT",
      "dependencies": {
        "@solana/errors": "2.1.1",
        "@solana/fast-stable-stringify": "2.1.1",
        "@solana/functional": "2.1.1",
        "@solana/promises": "2.1.1",
        "@solana/rpc-spec-types": "2.1.1",
        "@solana/rpc-subscriptions-api": "2.1.1",
        "@solana/rpc-subscriptions-channel-websocket": "2.1.1",
        "@solana/rpc-subscriptions-spec": "2.1.1",
        "@solana/rpc-transformers": "2.1.1",
        "@solana/rpc-types": "2.1.1",
        "@solana/subscribable": "2.1.1"
      },
      "engines": {
        "node": ">=20.18.0"
      },
      "peerDependencies": {
        "typescript": ">=5.3.3"
      }
    },
    "node_modules/@solana/rpc-subscriptions-api": {
      "version": "2.1.1",
      "resolved": "https://registry.npmjs.org/@solana/rpc-subscriptions-api/-/rpc-subscriptions-api-2.1.1.tgz",
      "integrity": "sha512-b4JuVScYGaEgO3jszYf7LqXdJK4GoUIevXcyQWq4Zk+R7P41VxGQWa2kzdPX9LIi+UGBmCThdRBfgOYyyHRKDg==",
      "license": "MIT",
      "dependencies": {
        "@solana/addresses": "2.1.1",
        "@solana/keys": "2.1.1",
        "@solana/rpc-subscriptions-spec": "2.1.1",
        "@solana/rpc-transformers": "2.1.1",
        "@solana/rpc-types": "2.1.1",
        "@solana/transaction-messages": "2.1.1",
        "@solana/transactions": "2.1.1"
      },
      "engines": {
        "node": ">=20.18.0"
      },
      "peerDependencies": {
        "typescript": ">=5.3.3"
      }
    },
    "node_modules/@solana/rpc-subscriptions-channel-websocket": {
      "version": "2.1.1",
      "resolved": "https://registry.npmjs.org/@solana/rpc-subscriptions-channel-websocket/-/rpc-subscriptions-channel-websocket-2.1.1.tgz",
      "integrity": "sha512-xEDnMXnwMtKDEpzmIXTkxxvLqGsxqlKILmyfGsQOMJ9RHYkHmz/8MarHcjnYhyZ5lrs2irN/wExUNlSZTegSEw==",
      "license": "MIT",
      "dependencies": {
        "@solana/errors": "2.1.1",
        "@solana/functional": "2.1.1",
        "@solana/rpc-subscriptions-spec": "2.1.1",
        "@solana/subscribable": "2.1.1"
      },
      "engines": {
        "node": ">=20.18.0"
      },
      "peerDependencies": {
        "typescript": ">=5.3.3",
        "ws": "^8.18.0"
      }
    },
    "node_modules/@solana/rpc-subscriptions-spec": {
      "version": "2.1.1",
      "resolved": "https://registry.npmjs.org/@solana/rpc-subscriptions-spec/-/rpc-subscriptions-spec-2.1.1.tgz",
      "integrity": "sha512-ANT5Tub/ZqqewRtklz02km8iCUe0qwBGi3wsKTgiX7kRx3izHn6IHl90w1Y19wPd692mfZW8+Pk5PUrMSXhR3g==",
      "license": "MIT",
      "dependencies": {
        "@solana/errors": "2.1.1",
        "@solana/promises": "2.1.1",
        "@solana/rpc-spec-types": "2.1.1",
        "@solana/subscribable": "2.1.1"
      },
      "engines": {
        "node": ">=20.18.0"
      },
      "peerDependencies": {
        "typescript": ">=5.3.3"
      }
    },
    "node_modules/@solana/rpc-transformers": {
      "version": "2.1.1",
      "resolved": "https://registry.npmjs.org/@solana/rpc-transformers/-/rpc-transformers-2.1.1.tgz",
      "integrity": "sha512-rBOCDQjOI1eQICkqYFV43SsiPdLcahgnrGuDNorS3uOe70pQRPs1PTuuEHqLBwuu9GRw89ifRy49aBNUNmX8uQ==",
      "license": "MIT",
      "dependencies": {
        "@solana/errors": "2.1.1",
        "@solana/functional": "2.1.1",
        "@solana/nominal-types": "2.1.1",
        "@solana/rpc-spec-types": "2.1.1",
        "@solana/rpc-types": "2.1.1"
      },
      "engines": {
        "node": ">=20.18.0"
      },
      "peerDependencies": {
        "typescript": ">=5.3.3"
      }
    },
    "node_modules/@solana/rpc-transport-http": {
      "version": "2.1.1",
      "resolved": "https://registry.npmjs.org/@solana/rpc-transport-http/-/rpc-transport-http-2.1.1.tgz",
      "integrity": "sha512-Wp7018VaPqhodQjQTDlCM7vTYlm3AdmRyvPZiwv5uzFgnC8B0xhEZW+ZSt1zkSXS6WrKqtufobuBFGtfG6v5KQ==",
      "license": "MIT",
      "dependencies": {
        "@solana/errors": "2.1.1",
        "@solana/rpc-spec": "2.1.1",
        "@solana/rpc-spec-types": "2.1.1",
        "undici-types": "^7.9.0"
      },
      "engines": {
        "node": ">=20.18.0"
      },
      "peerDependencies": {
        "typescript": ">=5.3.3"
      }
    },
    "node_modules/@solana/rpc-transport-http/node_modules/undici-types": {
      "version": "7.11.0",
      "resolved": "https://registry.npmjs.org/undici-types/-/undici-types-7.11.0.tgz",
      "integrity": "sha512-kt1ZriHTi7MU+Z/r9DOdAI3ONdaR3M3csEaRc6ewa4f4dTvX4cQCbJ4NkEn0ohE4hHtq85+PhPSTY+pO/1PwgA==",
      "license": "MIT"
    },
    "node_modules/@solana/rpc-types": {
      "version": "2.1.1",
      "resolved": "https://registry.npmjs.org/@solana/rpc-types/-/rpc-types-2.1.1.tgz",
      "integrity": "sha512-IaQKiWyTVvDoD0/3IlUxRY3OADj3cEjfLFCp1JvEdl0ANGReHp4jtqUqrYEeAdN/tGmGoiHt3n4x61wR0zFoJA==",
      "license": "MIT",
      "dependencies": {
        "@solana/addresses": "2.1.1",
        "@solana/codecs-core": "2.1.1",
        "@solana/codecs-numbers": "2.1.1",
        "@solana/codecs-strings": "2.1.1",
        "@solana/errors": "2.1.1",
        "@solana/nominal-types": "2.1.1"
      },
      "engines": {
        "node": ">=20.18.0"
      },
      "peerDependencies": {
        "typescript": ">=5.3.3"
      }
    },
    "node_modules/@solana/signers": {
      "version": "2.1.1",
      "resolved": "https://registry.npmjs.org/@solana/signers/-/signers-2.1.1.tgz",
      "integrity": "sha512-OfYEUgrJSrBDTC43kSQCz9A12A9+6xt2azmG8pP78yXN/bDzDmYF2i4nSzg/JzjjA5hBBYtDJ+15qpS/4cSgug==",
      "license": "MIT",
      "dependencies": {
        "@solana/addresses": "2.1.1",
        "@solana/codecs-core": "2.1.1",
        "@solana/errors": "2.1.1",
        "@solana/instructions": "2.1.1",
        "@solana/keys": "2.1.1",
        "@solana/nominal-types": "2.1.1",
        "@solana/transaction-messages": "2.1.1",
        "@solana/transactions": "2.1.1"
      },
      "engines": {
        "node": ">=20.18.0"
      },
      "peerDependencies": {
        "typescript": ">=5.3.3"
      }
    },
    "node_modules/@solana/subscribable": {
      "version": "2.1.1",
      "resolved": "https://registry.npmjs.org/@solana/subscribable/-/subscribable-2.1.1.tgz",
      "integrity": "sha512-k6qe/Iu94nVtapap9Ei+3mm14gx1H+7YgB6n2bj9qJCdVN6z6ZN9nPtDY2ViIH4qAnxyh7pJKF7iCwNC/iALcw==",
      "license": "MIT",
      "dependencies": {
        "@solana/errors": "2.1.1"
      },
      "engines": {
        "node": ">=20.18.0"
      },
      "peerDependencies": {
        "typescript": ">=5.3.3"
      }
    },
    "node_modules/@solana/sysvars": {
      "version": "2.1.1",
      "resolved": "https://registry.npmjs.org/@solana/sysvars/-/sysvars-2.1.1.tgz",
      "integrity": "sha512-bG7hNFpFqZm6qk763z5/P9g9Nxc0WXe+aYl6CQSptaPsmqUz1GhlBjAov9ePVFb29MmyMZ5bA+kmCTytiHK1fQ==",
      "license": "MIT",
      "dependencies": {
        "@solana/accounts": "2.1.1",
        "@solana/codecs": "2.1.1",
        "@solana/errors": "2.1.1",
        "@solana/rpc-types": "2.1.1"
      },
      "engines": {
        "node": ">=20.18.0"
      },
      "peerDependencies": {
        "typescript": ">=5.3.3"
      }
    },
    "node_modules/@solana/transaction-confirmation": {
      "version": "2.1.1",
      "resolved": "https://registry.npmjs.org/@solana/transaction-confirmation/-/transaction-confirmation-2.1.1.tgz",
      "integrity": "sha512-hXv0D80u1jNEq2/k1o9IBXXq7+JYg8x4tm0kVWjzvdJjYow8EkQay5quq5o0ciFfWqlOyFwYRC7AGrKc3imE7A==",
      "license": "MIT",
      "dependencies": {
        "@solana/addresses": "2.1.1",
        "@solana/codecs-strings": "2.1.1",
        "@solana/errors": "2.1.1",
        "@solana/keys": "2.1.1",
        "@solana/promises": "2.1.1",
        "@solana/rpc": "2.1.1",
        "@solana/rpc-subscriptions": "2.1.1",
        "@solana/rpc-types": "2.1.1",
        "@solana/transaction-messages": "2.1.1",
        "@solana/transactions": "2.1.1"
      },
      "engines": {
        "node": ">=20.18.0"
      },
      "peerDependencies": {
        "typescript": ">=5.3.3"
      }
    },
    "node_modules/@solana/transaction-messages": {
      "version": "2.1.1",
      "resolved": "https://registry.npmjs.org/@solana/transaction-messages/-/transaction-messages-2.1.1.tgz",
      "integrity": "sha512-sDf3OWV5X1C8huqsap+DyHIBAUenNJd3h7j/WI9MeIJZdGEtqxssGa2ixhecsMaevtUBKKJM9RqAvfTdRTAnLw==",
      "license": "MIT",
      "dependencies": {
        "@solana/addresses": "2.1.1",
        "@solana/codecs-core": "2.1.1",
        "@solana/codecs-data-structures": "2.1.1",
        "@solana/codecs-numbers": "2.1.1",
        "@solana/errors": "2.1.1",
        "@solana/functional": "2.1.1",
        "@solana/instructions": "2.1.1",
        "@solana/nominal-types": "2.1.1",
        "@solana/rpc-types": "2.1.1"
      },
      "engines": {
        "node": ">=20.18.0"
      },
      "peerDependencies": {
        "typescript": ">=5.3.3"
      }
    },
    "node_modules/@solana/transactions": {
      "version": "2.1.1",
      "resolved": "https://registry.npmjs.org/@solana/transactions/-/transactions-2.1.1.tgz",
      "integrity": "sha512-LX/7XfcHH9o0Kpv+tpnCl56IaatD/0sMWw9NnaeZ2f7pJyav9Jmeu5LJXvdHJw2jh277UEqc9bHwKruoMrtOTw==",
      "license": "MIT",
      "dependencies": {
        "@solana/addresses": "2.1.1",
        "@solana/codecs-core": "2.1.1",
        "@solana/codecs-data-structures": "2.1.1",
        "@solana/codecs-numbers": "2.1.1",
        "@solana/codecs-strings": "2.1.1",
        "@solana/errors": "2.1.1",
        "@solana/functional": "2.1.1",
        "@solana/instructions": "2.1.1",
        "@solana/keys": "2.1.1",
        "@solana/nominal-types": "2.1.1",
        "@solana/rpc-types": "2.1.1",
        "@solana/transaction-messages": "2.1.1"
      },
      "engines": {
        "node": ">=20.18.0"
      },
      "peerDependencies": {
        "typescript": ">=5.3.3"
      }
    },
    "node_modules/@types/node": {
      "version": "24.0.10",
      "resolved": "https://registry.npmjs.org/@types/node/-/node-24.0.10.tgz",
      "integrity": "sha512-ENHwaH+JIRTDIEEbDK6QSQntAYGtbvdDXnMXnZaZ6k13Du1dPMmprkEHIL7ok2Wl2aZevetwTAb5S+7yIF+enA==",
      "dev": true,
      "license": "MIT",
      "dependencies": {
        "undici-types": "~7.8.0"
      }
    },
    "node_modules/chalk": {
      "version": "5.4.1",
      "resolved": "https://registry.npmjs.org/chalk/-/chalk-5.4.1.tgz",
      "integrity": "sha512-zgVZuo2WcZgfUEmsn6eO3kINexW8RAE4maiQ8QNs8CtpPCSyMiYsULR3HQYkm3w8FIA3SberyMJMSldGsW+U3w==",
      "license": "MIT",
      "engines": {
        "node": "^12.17.0 || ^14.13 || >=16.0.0"
      },
      "funding": {
        "url": "https://github.com/chalk/chalk?sponsor=1"
      }
    },
    "node_modules/commander": {
      "version": "13.1.0",
      "resolved": "https://registry.npmjs.org/commander/-/commander-13.1.0.tgz",
      "integrity": "sha512-/rFeCpNJQbhSZjGVwO9RFV3xPqbnERS8MmIQzCtD/zl6gpJuV/bMLuN92oG3F7d8oDEHHRrujSXNUr8fpjntKw==",
      "license": "MIT",
      "engines": {
        "node": ">=18"
      }
    },
    "node_modules/fastestsmallesttextencoderdecoder": {
      "version": "1.0.22",
      "resolved": "https://registry.npmjs.org/fastestsmallesttextencoderdecoder/-/fastestsmallesttextencoderdecoder-1.0.22.tgz",
      "integrity": "sha512-Pb8d48e+oIuY4MaM64Cd7OW1gt4nxCHs7/ddPPZ/Ic3sg8yVGM7O9wDvZ7us6ScaUupzM+pfBolwtYhN1IxBIw==",
      "license": "CC0-1.0",
      "peer": true
    },
    "node_modules/gill": {
      "version": "0.10.2",
      "resolved": "https://registry.npmjs.org/gill/-/gill-0.10.2.tgz",
      "integrity": "sha512-upWoY2dfOzKHOcX3UnD+B3h9WUunPv0oxeKzsIgKSaLyURpWK9oI+K2NHWbwrUFsXEK6ozu/sgkhuqyAcVTZCg==",
      "license": "MIT",
      "dependencies": {
        "@solana-program/address-lookup-table": "^0.7.0",
        "@solana-program/compute-budget": "^0.8.0",
        "@solana-program/system": "^0.7.0",
        "@solana-program/token-2022": "^0.4.1",
        "@solana/assertions": "^2.1.1",
        "@solana/codecs": "^2.1.1",
        "@solana/kit": "^2.1.1",
        "@solana/transaction-confirmation": "^2.1.1"
      },
      "engines": {
        "node": ">=20.18.0"
      },
      "peerDependencies": {
        "typescript": ">=5"
      }
    },
    "node_modules/typescript": {
      "version": "5.8.3",
      "resolved": "https://registry.npmjs.org/typescript/-/typescript-5.8.3.tgz",
      "integrity": "sha512-p1diW6TqL9L07nNxvRMM7hMMw4c5XOo/1ibL4aAIGmSAt9slTE1Xgw5KWuof2uTOvCg9BY7ZRi+GaF+7sfgPeQ==",
      "license": "Apache-2.0",
      "bin": {
        "tsc": "bin/tsc",
        "tsserver": "bin/tsserver"
      },
      "engines": {
        "node": ">=14.17"
      }
    },
    "node_modules/undici-types": {
      "version": "7.8.0",
      "resolved": "https://registry.npmjs.org/undici-types/-/undici-types-7.8.0.tgz",
      "integrity": "sha512-9UJ2xGDvQ43tYyVMpuHlsgApydB8ZKfVYTsLDhXkFL/6gfkp+U8xTGdh8pMJv1SpZna0zxG1DwsKZsreLbXBxw==",
      "dev": true,
      "license": "MIT"
    },
    "node_modules/ws": {
      "version": "8.18.3",
      "resolved": "https://registry.npmjs.org/ws/-/ws-8.18.3.tgz",
      "integrity": "sha512-PEIGCY5tSlUt50cqyMXfCzX+oOPqN0vuGqWzbcJ2xvnkzkq46oOpz7dQaTDBdfICb4N14+GARUDw2XV2N4tvzg==",
      "license": "MIT",
      "peer": true,
      "engines": {
        "node": ">=10.0.0"
      },
      "peerDependencies": {
        "bufferutil": "^4.0.1",
        "utf-8-validate": ">=5.0.2"
      },
      "peerDependenciesMeta": {
        "bufferutil": {
          "optional": true
        },
        "utf-8-validate": {
          "optional": true
        }
      }
    }
  }
}
