# THIS IS AN AUTOGENERATED FILE. DO NOT EDIT THIS FILE DIRECTLY.
# yarn lockfile v1


"@solana-program/address-lookup-table@^0.7.0":
  version "0.7.0"
  resolved "https://registry.npmjs.org/@solana-program/address-lookup-table/-/address-lookup-table-0.7.0.tgz"
  integrity sha512-dzCeIO5LtiK3bIg0AwO+TPeGURjSG2BKt0c4FRx7105AgLy7uzTktpUzUj6NXAK9SzbirI8HyvHUvw1uvL8O9A==

"@solana-program/compute-budget@^0.8.0":
  version "0.8.0"
  resolved "https://registry.npmjs.org/@solana-program/compute-budget/-/compute-budget-0.8.0.tgz"
  integrity sha512-qPKxdxaEsFxebZ4K5RPuy7VQIm/tfJLa1+Nlt3KNA8EYQkz9Xm8htdoEaXVrer9kpgzzp9R3I3Bh6omwCM06tQ==

"@solana-program/system@^0.7.0":
  version "0.7.0"
  resolved "https://registry.npmjs.org/@solana-program/system/-/system-0.7.0.tgz"
  integrity sha512-FKTBsKHpvHHNc1ATRm7SlC5nF/VdJtOSjldhcyfMN9R7xo712Mo2jHIzvBgn8zQO5Kg0DcWuKB7268Kv1ocicw==

"@solana-program/token-2022@^0.4.1":
  version "0.4.2"
  resolved "https://registry.npmjs.org/@solana-program/token-2022/-/token-2022-0.4.2.tgz"
  integrity sha512-zIpR5t4s9qEU3hZKupzIBxJ6nUV5/UVyIT400tu9vT1HMs5JHxaTTsb5GUhYjiiTvNwU0MQavbwc4Dl29L0Xvw==

"@solana/accounts@2.1.1":
  version "2.1.1"
  resolved "https://registry.npmjs.org/@solana/accounts/-/accounts-2.1.1.tgz"
  integrity sha512-Q9mG0o/6oyiUSw1CXCkG50TWlYiODJr3ZilEDLIyXpYJzOstRZM4XOzbRACveX4PXFoufPzpR1sSVK6qfcUUCw==
  dependencies:
    "@solana/addresses" "2.1.1"
    "@solana/codecs-core" "2.1.1"
    "@solana/codecs-strings" "2.1.1"
    "@solana/errors" "2.1.1"
    "@solana/rpc-spec" "2.1.1"
    "@solana/rpc-types" "2.1.1"

"@solana/addresses@2.1.1":
  version "2.1.1"
  resolved "https://registry.npmjs.org/@solana/addresses/-/addresses-2.1.1.tgz"
  integrity sha512-yX6+brBXFmirxXDJCBDNKDYbGZHMZHaZS4NJWZs31DTe5To3Ky3Y9g3wFEGAX242kfNyJcgg5OeoBuZ7vdFycQ==
  dependencies:
    "@solana/assertions" "2.1.1"
    "@solana/codecs-core" "2.1.1"
    "@solana/codecs-strings" "2.1.1"
    "@solana/errors" "2.1.1"
    "@solana/nominal-types" "2.1.1"

"@solana/assertions@^2.1.1", "@solana/assertions@2.1.1":
  version "2.1.1"
  resolved "https://registry.npmjs.org/@solana/assertions/-/assertions-2.1.1.tgz"
  integrity sha512-ln6dXkliyb9ybqLGFf5Gn+LJaPZGmer9KloIFfHiiSfYFdoAqOu6+pVY+323SKWXHG+hHl9VkwuZYpSp02OroA==
  dependencies:
    "@solana/errors" "2.1.1"

"@solana/codecs-core@2.1.1":
  version "2.1.1"
  resolved "https://registry.npmjs.org/@solana/codecs-core/-/codecs-core-2.1.1.tgz"
  integrity sha512-iPQW3UZ2Vi7QFBo2r9tw0NubtH8EdrhhmZulx6lC8V5a+qjaxovtM/q/UW2BTNpqqHLfO0tIcLyBLrNH4HTWPg==
  dependencies:
    "@solana/errors" "2.1.1"

"@solana/codecs-data-structures@2.1.1":
  version "2.1.1"
  resolved "https://registry.npmjs.org/@solana/codecs-data-structures/-/codecs-data-structures-2.1.1.tgz"
  integrity sha512-OcR7FIhWDFqg6gEslbs2GVKeDstGcSDpkZo9SeV4bm2RLd1EZfxGhWW+yHZfHqOZiIkw9w+aY45bFgKrsLQmFw==
  dependencies:
    "@solana/codecs-core" "2.1.1"
    "@solana/codecs-numbers" "2.1.1"
    "@solana/errors" "2.1.1"

"@solana/codecs-numbers@2.1.1":
  version "2.1.1"
  resolved "https://registry.npmjs.org/@solana/codecs-numbers/-/codecs-numbers-2.1.1.tgz"
  integrity sha512-m20IUPJhPUmPkHSlZ2iMAjJ7PaYUvlMtFhCQYzm9BEBSI6OCvXTG3GAPpAnSGRBfg5y+QNqqmKn4QHU3B6zzCQ==
  dependencies:
    "@solana/codecs-core" "2.1.1"
    "@solana/errors" "2.1.1"

"@solana/codecs-strings@2.1.1":
  version "2.1.1"
  resolved "https://registry.npmjs.org/@solana/codecs-strings/-/codecs-strings-2.1.1.tgz"
  integrity sha512-uhj+A7eT6IJn4nuoX8jDdvZa7pjyZyN+k64EZ8+aUtJGt5Ft4NjRM8Jl5LljwYBWKQCgouVuigZHtTO2yAWExA==
  dependencies:
    "@solana/codecs-core" "2.1.1"
    "@solana/codecs-numbers" "2.1.1"
    "@solana/errors" "2.1.1"

"@solana/codecs@^2.1.1", "@solana/codecs@2.1.1":
  version "2.1.1"
  resolved "https://registry.npmjs.org/@solana/codecs/-/codecs-2.1.1.tgz"
  integrity sha512-89Fv22fZ5dNiXjOKh6I3U1D/lVO/dF/cPHexdiqjS5k5R5uKeK3506rhcnc4ciawQAoOkDwHzW+HitUumF2PJg==
  dependencies:
    "@solana/codecs-core" "2.1.1"
    "@solana/codecs-data-structures" "2.1.1"
    "@solana/codecs-numbers" "2.1.1"
    "@solana/codecs-strings" "2.1.1"
    "@solana/options" "2.1.1"

"@solana/errors@2.1.1":
  version "2.1.1"
  resolved "https://registry.npmjs.org/@solana/errors/-/errors-2.1.1.tgz"
  integrity sha512-sj6DaWNbSJFvLzT8UZoabMefQUfSW/8tXK7NTiagsDmh+Q87eyQDDC9L3z+mNmx9b6dEf6z660MOIplDD2nfEw==
  dependencies:
    chalk "^5.4.1"
    commander "^13.1.0"

"@solana/fast-stable-stringify@2.1.1":
  version "2.1.1"
  resolved "https://registry.npmjs.org/@solana/fast-stable-stringify/-/fast-stable-stringify-2.1.1.tgz"
  integrity sha512-+gyW8plyMOURMuO9iL6eQBb5wCRwMGLO5T6jBIDGws8KR4tOtIBlQnQnzk81nNepE6lbf8tLCxS8KdYgT/P+wQ==

"@solana/functional@2.1.1":
  version "2.1.1"
  resolved "https://registry.npmjs.org/@solana/functional/-/functional-2.1.1.tgz"
  integrity sha512-HePJ49Cyz4Mb26zm5holPikm8bzsBH5zLR41+gIw9jJBmIteILNnk2OO1dVkb6aJnP42mdhWSXCo3VVEGT6aEw==

"@solana/instructions@2.1.1":
  version "2.1.1"
  resolved "https://registry.npmjs.org/@solana/instructions/-/instructions-2.1.1.tgz"
  integrity sha512-Zx48hav9Lu+JuC+U0QJ8B7g7bXQZElXCjvxosIibU2C7ygDuq0ffOly0/irWJv2xmHYm6z8Hm1ILbZ5w0GhDQQ==
  dependencies:
    "@solana/codecs-core" "2.1.1"
    "@solana/errors" "2.1.1"

"@solana/keys@2.1.1":
  version "2.1.1"
  resolved "https://registry.npmjs.org/@solana/keys/-/keys-2.1.1.tgz"
  integrity sha512-SXuhUz1c2mVnPnB+9Z9Yw6HPluIZbMlSByr+vPFLgaPYM356bRcNnu1pa28tONiQzRBFvl9qL08SL0OaYsmqPg==
  dependencies:
    "@solana/assertions" "2.1.1"
    "@solana/codecs-core" "2.1.1"
    "@solana/codecs-strings" "2.1.1"
    "@solana/errors" "2.1.1"
    "@solana/nominal-types" "2.1.1"

"@solana/kit@^2.1.0", "@solana/kit@^2.1.1":
  version "2.1.1"
  resolved "https://registry.npmjs.org/@solana/kit/-/kit-2.1.1.tgz"
  integrity sha512-vV0otDSO9HFWIkAv7lxfeR7W6ruS/kqFYzTeRI+EuaZCgKdueavZnx9ydbpMCXis3BZ4Ao+k/ebzVWXMVvz+Lw==
  dependencies:
    "@solana/accounts" "2.1.1"
    "@solana/addresses" "2.1.1"
    "@solana/codecs" "2.1.1"
    "@solana/errors" "2.1.1"
    "@solana/functional" "2.1.1"
    "@solana/instructions" "2.1.1"
    "@solana/keys" "2.1.1"
    "@solana/programs" "2.1.1"
    "@solana/rpc" "2.1.1"
    "@solana/rpc-parsed-types" "2.1.1"
    "@solana/rpc-spec-types" "2.1.1"
    "@solana/rpc-subscriptions" "2.1.1"
    "@solana/rpc-types" "2.1.1"
    "@solana/signers" "2.1.1"
    "@solana/sysvars" "2.1.1"
    "@solana/transaction-confirmation" "2.1.1"
    "@solana/transaction-messages" "2.1.1"
    "@solana/transactions" "2.1.1"

"@solana/nominal-types@2.1.1":
  version "2.1.1"
  resolved "https://registry.npmjs.org/@solana/nominal-types/-/nominal-types-2.1.1.tgz"
  integrity sha512-EpdDhuoATsm9bmuduv6yoNm1EKCz2tlq13nAazaVyQvkMBHhVelyT/zq0ruUplQZbl7qyYr5hG7p1SfGgQbgSQ==

"@solana/options@2.1.1":
  version "2.1.1"
  resolved "https://registry.npmjs.org/@solana/options/-/options-2.1.1.tgz"
  integrity sha512-rnEExUGVOAV79kiFUEl/51gmSbBYxlcuw2VPnbAV/q53mIHoTgCwDD576N9A8wFftxaJHQFBdNuKiRrnU/fFHA==
  dependencies:
    "@solana/codecs-core" "2.1.1"
    "@solana/codecs-data-structures" "2.1.1"
    "@solana/codecs-numbers" "2.1.1"
    "@solana/codecs-strings" "2.1.1"
    "@solana/errors" "2.1.1"

"@solana/programs@2.1.1":
  version "2.1.1"
  resolved "https://registry.npmjs.org/@solana/programs/-/programs-2.1.1.tgz"
  integrity sha512-fVOA4SEijrIrpG7GoBWhid43w3pT7RTfmMYciVKMb17s2GcnLLcTDOahPf0mlIctLtbF8PgImtzUkXQyuFGr8Q==
  dependencies:
    "@solana/addresses" "2.1.1"
    "@solana/errors" "2.1.1"

"@solana/promises@2.1.1":
  version "2.1.1"
  resolved "https://registry.npmjs.org/@solana/promises/-/promises-2.1.1.tgz"
  integrity sha512-8M+QBgJAQD0nhHzaezwwHH4WWfJEBPiiPAjMNBbbbTHA8+oYFIGgY1HwDUePK8nrT1Q1dX3gC+epBCqBi/nnGg==

"@solana/rpc-api@2.1.1":
  version "2.1.1"
  resolved "https://registry.npmjs.org/@solana/rpc-api/-/rpc-api-2.1.1.tgz"
  integrity sha512-MTBuoRA9HtxW+CRpj1Ls5XVhDe00g8mW2Ib4/0k6ThFS0+cmjf+O78d8hgjQMqTtuzzSLZ4355+C7XEAuzSQ4g==
  dependencies:
    "@solana/addresses" "2.1.1"
    "@solana/codecs-core" "2.1.1"
    "@solana/codecs-strings" "2.1.1"
    "@solana/errors" "2.1.1"
    "@solana/keys" "2.1.1"
    "@solana/rpc-parsed-types" "2.1.1"
    "@solana/rpc-spec" "2.1.1"
    "@solana/rpc-transformers" "2.1.1"
    "@solana/rpc-types" "2.1.1"
    "@solana/transaction-messages" "2.1.1"
    "@solana/transactions" "2.1.1"

"@solana/rpc-parsed-types@2.1.1":
  version "2.1.1"
  resolved "https://registry.npmjs.org/@solana/rpc-parsed-types/-/rpc-parsed-types-2.1.1.tgz"
  integrity sha512-+n1IWYYglevvNE1neMiLOH6W67EzmWj8GaRlwGxcyu6MwSc/8x1bd2hnEkgK6md+ObPOxoOBdxQXIY/xnZgLcw==

"@solana/rpc-spec-types@2.1.1":
  version "2.1.1"
  resolved "https://registry.npmjs.org/@solana/rpc-spec-types/-/rpc-spec-types-2.1.1.tgz"
  integrity sha512-3/G/MTi/c70TVZcB0DJjh5AGV7xqOYrjrpnIg+rLZuH65qHMimWiTHj0k8lxTzRMrN06Ed0+Q7SCw9hO/grTHA==

"@solana/rpc-spec@2.1.1":
  version "2.1.1"
  resolved "https://registry.npmjs.org/@solana/rpc-spec/-/rpc-spec-2.1.1.tgz"
  integrity sha512-3Hd21XpaKtW3tG0oXAUlc1k0hX7/eqHpf8Gg744sr9G3ib5gT7EopcZRsH5LdESgS0nbv/c75TznCXjaUyRi+g==
  dependencies:
    "@solana/errors" "2.1.1"
    "@solana/rpc-spec-types" "2.1.1"

"@solana/rpc-subscriptions-api@2.1.1":
  version "2.1.1"
  resolved "https://registry.npmjs.org/@solana/rpc-subscriptions-api/-/rpc-subscriptions-api-2.1.1.tgz"
  integrity sha512-b4JuVScYGaEgO3jszYf7LqXdJK4GoUIevXcyQWq4Zk+R7P41VxGQWa2kzdPX9LIi+UGBmCThdRBfgOYyyHRKDg==
  dependencies:
    "@solana/addresses" "2.1.1"
    "@solana/keys" "2.1.1"
    "@solana/rpc-subscriptions-spec" "2.1.1"
    "@solana/rpc-transformers" "2.1.1"
    "@solana/rpc-types" "2.1.1"
    "@solana/transaction-messages" "2.1.1"
    "@solana/transactions" "2.1.1"

"@solana/rpc-subscriptions-channel-websocket@2.1.1":
  version "2.1.1"
  resolved "https://registry.npmjs.org/@solana/rpc-subscriptions-channel-websocket/-/rpc-subscriptions-channel-websocket-2.1.1.tgz"
  integrity sha512-xEDnMXnwMtKDEpzmIXTkxxvLqGsxqlKILmyfGsQOMJ9RHYkHmz/8MarHcjnYhyZ5lrs2irN/wExUNlSZTegSEw==
  dependencies:
    "@solana/errors" "2.1.1"
    "@solana/functional" "2.1.1"
    "@solana/rpc-subscriptions-spec" "2.1.1"
    "@solana/subscribable" "2.1.1"

"@solana/rpc-subscriptions-spec@2.1.1":
  version "2.1.1"
  resolved "https://registry.npmjs.org/@solana/rpc-subscriptions-spec/-/rpc-subscriptions-spec-2.1.1.tgz"
  integrity sha512-ANT5Tub/ZqqewRtklz02km8iCUe0qwBGi3wsKTgiX7kRx3izHn6IHl90w1Y19wPd692mfZW8+Pk5PUrMSXhR3g==
  dependencies:
    "@solana/errors" "2.1.1"
    "@solana/promises" "2.1.1"
    "@solana/rpc-spec-types" "2.1.1"
    "@solana/subscribable" "2.1.1"

"@solana/rpc-subscriptions@2.1.1":
  version "2.1.1"
  resolved "https://registry.npmjs.org/@solana/rpc-subscriptions/-/rpc-subscriptions-2.1.1.tgz"
  integrity sha512-xGLIuJHxg0oCNiS40NW/5BPxHM5RurLcEmBAN1VmVtINWTm8wSbEo85a5q7cbMlPP4Vu/28lD7IITjS5qb84UQ==
  dependencies:
    "@solana/errors" "2.1.1"
    "@solana/fast-stable-stringify" "2.1.1"
    "@solana/functional" "2.1.1"
    "@solana/promises" "2.1.1"
    "@solana/rpc-spec-types" "2.1.1"
    "@solana/rpc-subscriptions-api" "2.1.1"
    "@solana/rpc-subscriptions-channel-websocket" "2.1.1"
    "@solana/rpc-subscriptions-spec" "2.1.1"
    "@solana/rpc-transformers" "2.1.1"
    "@solana/rpc-types" "2.1.1"
    "@solana/subscribable" "2.1.1"

"@solana/rpc-transformers@2.1.1":
  version "2.1.1"
  resolved "https://registry.npmjs.org/@solana/rpc-transformers/-/rpc-transformers-2.1.1.tgz"
  integrity sha512-rBOCDQjOI1eQICkqYFV43SsiPdLcahgnrGuDNorS3uOe70pQRPs1PTuuEHqLBwuu9GRw89ifRy49aBNUNmX8uQ==
  dependencies:
    "@solana/errors" "2.1.1"
    "@solana/functional" "2.1.1"
    "@solana/nominal-types" "2.1.1"
    "@solana/rpc-spec-types" "2.1.1"
    "@solana/rpc-types" "2.1.1"

"@solana/rpc-transport-http@2.1.1":
  version "2.1.1"
  resolved "https://registry.npmjs.org/@solana/rpc-transport-http/-/rpc-transport-http-2.1.1.tgz"
  integrity sha512-Wp7018VaPqhodQjQTDlCM7vTYlm3AdmRyvPZiwv5uzFgnC8B0xhEZW+ZSt1zkSXS6WrKqtufobuBFGtfG6v5KQ==
  dependencies:
    "@solana/errors" "2.1.1"
    "@solana/rpc-spec" "2.1.1"
    "@solana/rpc-spec-types" "2.1.1"
    undici-types "^7.9.0"

"@solana/rpc-types@2.1.1":
  version "2.1.1"
  resolved "https://registry.npmjs.org/@solana/rpc-types/-/rpc-types-2.1.1.tgz"
  integrity sha512-IaQKiWyTVvDoD0/3IlUxRY3OADj3cEjfLFCp1JvEdl0ANGReHp4jtqUqrYEeAdN/tGmGoiHt3n4x61wR0zFoJA==
  dependencies:
    "@solana/addresses" "2.1.1"
    "@solana/codecs-core" "2.1.1"
    "@solana/codecs-numbers" "2.1.1"
    "@solana/codecs-strings" "2.1.1"
    "@solana/errors" "2.1.1"
    "@solana/nominal-types" "2.1.1"

"@solana/rpc@2.1.1":
  version "2.1.1"
  resolved "https://registry.npmjs.org/@solana/rpc/-/rpc-2.1.1.tgz"
  integrity sha512-X15xAx8U0ATznkoNGPUkGIuxTIOmdew1pjQRHAtPSKQTiPbAnO1sowpt4UT7V7bB6zKPu+xKvhFizUuon0PZxg==
  dependencies:
    "@solana/errors" "2.1.1"
    "@solana/fast-stable-stringify" "2.1.1"
    "@solana/functional" "2.1.1"
    "@solana/rpc-api" "2.1.1"
    "@solana/rpc-spec" "2.1.1"
    "@solana/rpc-spec-types" "2.1.1"
    "@solana/rpc-transformers" "2.1.1"
    "@solana/rpc-transport-http" "2.1.1"
    "@solana/rpc-types" "2.1.1"

"@solana/signers@2.1.1":
  version "2.1.1"
  resolved "https://registry.npmjs.org/@solana/signers/-/signers-2.1.1.tgz"
  integrity sha512-OfYEUgrJSrBDTC43kSQCz9A12A9+6xt2azmG8pP78yXN/bDzDmYF2i4nSzg/JzjjA5hBBYtDJ+15qpS/4cSgug==
  dependencies:
    "@solana/addresses" "2.1.1"
    "@solana/codecs-core" "2.1.1"
    "@solana/errors" "2.1.1"
    "@solana/instructions" "2.1.1"
    "@solana/keys" "2.1.1"
    "@solana/nominal-types" "2.1.1"
    "@solana/transaction-messages" "2.1.1"
    "@solana/transactions" "2.1.1"

"@solana/subscribable@2.1.1":
  version "2.1.1"
  resolved "https://registry.npmjs.org/@solana/subscribable/-/subscribable-2.1.1.tgz"
  integrity sha512-k6qe/Iu94nVtapap9Ei+3mm14gx1H+7YgB6n2bj9qJCdVN6z6ZN9nPtDY2ViIH4qAnxyh7pJKF7iCwNC/iALcw==
  dependencies:
    "@solana/errors" "2.1.1"

"@solana/sysvars@^2.1.0", "@solana/sysvars@2.1.1":
  version "2.1.1"
  resolved "https://registry.npmjs.org/@solana/sysvars/-/sysvars-2.1.1.tgz"
  integrity sha512-bG7hNFpFqZm6qk763z5/P9g9Nxc0WXe+aYl6CQSptaPsmqUz1GhlBjAov9ePVFb29MmyMZ5bA+kmCTytiHK1fQ==
  dependencies:
    "@solana/accounts" "2.1.1"
    "@solana/codecs" "2.1.1"
    "@solana/errors" "2.1.1"
    "@solana/rpc-types" "2.1.1"

"@solana/transaction-confirmation@^2.1.1", "@solana/transaction-confirmation@2.1.1":
  version "2.1.1"
  resolved "https://registry.npmjs.org/@solana/transaction-confirmation/-/transaction-confirmation-2.1.1.tgz"
  integrity sha512-hXv0D80u1jNEq2/k1o9IBXXq7+JYg8x4tm0kVWjzvdJjYow8EkQay5quq5o0ciFfWqlOyFwYRC7AGrKc3imE7A==
  dependencies:
    "@solana/addresses" "2.1.1"
    "@solana/codecs-strings" "2.1.1"
    "@solana/errors" "2.1.1"
    "@solana/keys" "2.1.1"
    "@solana/promises" "2.1.1"
    "@solana/rpc" "2.1.1"
    "@solana/rpc-subscriptions" "2.1.1"
    "@solana/rpc-types" "2.1.1"
    "@solana/transaction-messages" "2.1.1"
    "@solana/transactions" "2.1.1"

"@solana/transaction-messages@2.1.1":
  version "2.1.1"
  resolved "https://registry.npmjs.org/@solana/transaction-messages/-/transaction-messages-2.1.1.tgz"
  integrity sha512-sDf3OWV5X1C8huqsap+DyHIBAUenNJd3h7j/WI9MeIJZdGEtqxssGa2ixhecsMaevtUBKKJM9RqAvfTdRTAnLw==
  dependencies:
    "@solana/addresses" "2.1.1"
    "@solana/codecs-core" "2.1.1"
    "@solana/codecs-data-structures" "2.1.1"
    "@solana/codecs-numbers" "2.1.1"
    "@solana/errors" "2.1.1"
    "@solana/functional" "2.1.1"
    "@solana/instructions" "2.1.1"
    "@solana/nominal-types" "2.1.1"
    "@solana/rpc-types" "2.1.1"

"@solana/transactions@2.1.1":
  version "2.1.1"
  resolved "https://registry.npmjs.org/@solana/transactions/-/transactions-2.1.1.tgz"
  integrity sha512-LX/7XfcHH9o0Kpv+tpnCl56IaatD/0sMWw9NnaeZ2f7pJyav9Jmeu5LJXvdHJw2jh277UEqc9bHwKruoMrtOTw==
  dependencies:
    "@solana/addresses" "2.1.1"
    "@solana/codecs-core" "2.1.1"
    "@solana/codecs-data-structures" "2.1.1"
    "@solana/codecs-numbers" "2.1.1"
    "@solana/codecs-strings" "2.1.1"
    "@solana/errors" "2.1.1"
    "@solana/functional" "2.1.1"
    "@solana/instructions" "2.1.1"
    "@solana/keys" "2.1.1"
    "@solana/nominal-types" "2.1.1"
    "@solana/rpc-types" "2.1.1"
    "@solana/transaction-messages" "2.1.1"

"@types/node@^24.0.10":
  version "24.0.10"
  resolved "https://registry.npmjs.org/@types/node/-/node-24.0.10.tgz"
  integrity sha512-ENHwaH+JIRTDIEEbDK6QSQntAYGtbvdDXnMXnZaZ6k13Du1dPMmprkEHIL7ok2Wl2aZevetwTAb5S+7yIF+enA==
  dependencies:
    undici-types "~7.8.0"

chalk@^5.4.1:
  version "5.4.1"
  resolved "https://registry.npmjs.org/chalk/-/chalk-5.4.1.tgz"
  integrity sha512-zgVZuo2WcZgfUEmsn6eO3kINexW8RAE4maiQ8QNs8CtpPCSyMiYsULR3HQYkm3w8FIA3SberyMJMSldGsW+U3w==

commander@^13.1.0:
  version "13.1.0"
  resolved "https://registry.npmjs.org/commander/-/commander-13.1.0.tgz"
  integrity sha512-/rFeCpNJQbhSZjGVwO9RFV3xPqbnERS8MmIQzCtD/zl6gpJuV/bMLuN92oG3F7d8oDEHHRrujSXNUr8fpjntKw==

fastestsmallesttextencoderdecoder@^1.0.22:
  version "1.0.22"
  resolved "https://registry.npmjs.org/fastestsmallesttextencoderdecoder/-/fastestsmallesttextencoderdecoder-1.0.22.tgz"
  integrity sha512-Pb8d48e+oIuY4MaM64Cd7OW1gt4nxCHs7/ddPPZ/Ic3sg8yVGM7O9wDvZ7us6ScaUupzM+pfBolwtYhN1IxBIw==

gill@^0.10.2:
  version "0.10.2"
  resolved "https://registry.npmjs.org/gill/-/gill-0.10.2.tgz"
  integrity sha512-upWoY2dfOzKHOcX3UnD+B3h9WUunPv0oxeKzsIgKSaLyURpWK9oI+K2NHWbwrUFsXEK6ozu/sgkhuqyAcVTZCg==
  dependencies:
    "@solana-program/address-lookup-table" "^0.7.0"
    "@solana-program/compute-budget" "^0.8.0"
    "@solana-program/system" "^0.7.0"
    "@solana-program/token-2022" "^0.4.1"
    "@solana/assertions" "^2.1.1"
    "@solana/codecs" "^2.1.1"
    "@solana/kit" "^2.1.1"
    "@solana/transaction-confirmation" "^2.1.1"

typescript@^5.8.3, typescript@>=5, typescript@>=5.3.3:
  version "5.8.3"
  resolved "https://registry.npmjs.org/typescript/-/typescript-5.8.3.tgz"
  integrity sha512-p1diW6TqL9L07nNxvRMM7hMMw4c5XOo/1ibL4aAIGmSAt9slTE1Xgw5KWuof2uTOvCg9BY7ZRi+GaF+7sfgPeQ==

undici-types@^7.9.0:
  version "7.11.0"
  resolved "https://registry.npmjs.org/undici-types/-/undici-types-7.11.0.tgz"
  integrity sha512-kt1ZriHTi7MU+Z/r9DOdAI3ONdaR3M3csEaRc6ewa4f4dTvX4cQCbJ4NkEn0ohE4hHtq85+PhPSTY+pO/1PwgA==

undici-types@~7.8.0:
  version "7.8.0"
  resolved "https://registry.npmjs.org/undici-types/-/undici-types-7.8.0.tgz"
  integrity sha512-9UJ2xGDvQ43tYyVMpuHlsgApydB8ZKfVYTsLDhXkFL/6gfkp+U8xTGdh8pMJv1SpZna0zxG1DwsKZsreLbXBxw==

ws@^8.18.0:
  version "8.18.3"
  resolved "https://registry.npmjs.org/ws/-/ws-8.18.3.tgz"
  integrity sha512-PEIGCY5tSlUt50cqyMXfCzX+oOPqN0vuGqWzbcJ2xvnkzkq46oOpz7dQaTDBdfICb4N14+GARUDw2XV2N4tvzg==
